// !$*UTF8*$!
{
	archiveVersion = 1;
	classes = {
	};
	objectVersion = 55;
	objects = {

/* Begin PBXBuildFile section */
		E298859228F66860002D9A98 /* DSUserDefaultsProtocol.swift in Sources */ = {isa = PBXBuildFile; fileRef = E298859128F66860002D9A98 /* DSUserDefaultsProtocol.swift */; };
		E298859428F668C6002D9A98 /* DSGenerator.swift in Sources */ = {isa = PBXBuildFile; fileRef = E298859328F668C6002D9A98 /* DSGenerator.swift */; };
		E298859628F668DD002D9A98 /* DSUserDefaults.swift in Sources */ = {isa = PBXBuildFile; fileRef = E298859528F668DD002D9A98 /* DSUserDefaults.swift */; };
		E298859D28F66CB1002D9A98 /* AlbumsViewController.swift in Sources */ = {isa = PBXBuildFile; fileRef = E298859C28F66CB1002D9A98 /* AlbumsViewController.swift */; };
		E298859F28F66F3A002D9A98 /* AlbumsViewModel.swift in Sources */ = {isa = PBXBuildFile; fileRef = E298859E28F66F3A002D9A98 /* AlbumsViewModel.swift */; };
		E29885A128F66FD0002D9A98 /* BaseTableViewViewModelProtocol.swift in Sources */ = {isa = PBXBuildFile; fileRef = E29885A028F66FD0002D9A98 /* BaseTableViewViewModelProtocol.swift */; };
		E29885A328F67834002D9A98 /* AlbumTableViewCell.swift in Sources */ = {isa = PBXBuildFile; fileRef = E29885A228F67834002D9A98 /* AlbumTableViewCell.swift */; };
		E29885A528F67A6A002D9A98 /* AlbumTableViewCellViewModel.swift in Sources */ = {isa = PBXBuildFile; fileRef = E29885A428F67A6A002D9A98 /* AlbumTableViewCellViewModel.swift */; };
		E29885A728F68393002D9A98 /* AlbumModel.swift in Sources */ = {isa = PBXBuildFile; fileRef = E29885A628F68393002D9A98 /* AlbumModel.swift */; };
		E29885A928F68858002D9A98 /* PhotoModel.swift in Sources */ = {isa = PBXBuildFile; fileRef = E29885A828F68858002D9A98 /* PhotoModel.swift */; };
		E29885AF28F69FFF002D9A98 /* PhotosViewController.swift in Sources */ = {isa = PBXBuildFile; fileRef = E29885AE28F69FFF002D9A98 /* PhotosViewController.swift */; };
		E29885B128F6A5DC002D9A98 /* PhotosViewModel.swift in Sources */ = {isa = PBXBuildFile; fileRef = E29885B028F6A5DC002D9A98 /* PhotosViewModel.swift */; };
		E29885B328F6A9EC002D9A98 /* PhotosCollectionViewCell.swift in Sources */ = {isa = PBXBuildFile; fileRef = E29885B228F6A9EC002D9A98 /* PhotosCollectionViewCell.swift */; };
		E29885B528F6B364002D9A98 /* PhotosCollectionViewCellViewModel.swift in Sources */ = {isa = PBXBuildFile; fileRef = E29885B428F6B364002D9A98 /* PhotosCollectionViewCellViewModel.swift */; };
		E29885B928F6BA7E002D9A98 /* SinglePhotoViewController.swift in Sources */ = {isa = PBXBuildFile; fileRef = E29885B828F6BA7E002D9A98 /* SinglePhotoViewController.swift */; };
		E29885BC28F6CB42002D9A98 /* SinglePhotoViewModel.swift in Sources */ = {isa = PBXBuildFile; fileRef = E29885BB28F6CB42002D9A98 /* SinglePhotoViewModel.swift */; };
		E2B7BB7928F51DE700B07440 /* AppDelegate.swift in Sources */ = {isa = PBXBuildFile; fileRef = E2B7BB7828F51DE700B07440 /* AppDelegate.swift */; };
		E2B7BB8228F51DE900B07440 /* Assets.xcassets in Resources */ = {isa = PBXBuildFile; fileRef = E2B7BB8128F51DE900B07440 /* Assets.xcassets */; };
		E2B7BB8528F51DE900B07440 /* LaunchScreen.storyboard in Resources */ = {isa = PBXBuildFile; fileRef = E2B7BB8328F51DE900B07440 /* LaunchScreen.storyboard */; };
		E2B7BB9728F521CC00B07440 /* AppSession.swift in Sources */ = {isa = PBXBuildFile; fileRef = E2B7BB9628F521CC00B07440 /* AppSession.swift */; };
		E2B7BB9A28F523A100B07440 /* BaseNavigationController.swift in Sources */ = {isa = PBXBuildFile; fileRef = E2B7BB9928F523A100B07440 /* BaseNavigationController.swift */; };
		E2B7BB9C28F5253F00B07440 /* BaseViewController.swift in Sources */ = {isa = PBXBuildFile; fileRef = E2B7BB9B28F5253F00B07440 /* BaseViewController.swift */; };
		E2B7BB9E28F5258F00B07440 /* UIViewControllerExt.swift in Sources */ = {isa = PBXBuildFile; fileRef = E2B7BB9D28F5258F00B07440 /* UIViewControllerExt.swift */; };
		E2B7BBA128F5260300B07440 /* BaseViewControllerProtocol.swift in Sources */ = {isa = PBXBuildFile; fileRef = E2B7BBA028F5260300B07440 /* BaseViewControllerProtocol.swift */; };
		E2B7BBA328F526D800B07440 /* APIError.swift in Sources */ = {isa = PBXBuildFile; fileRef = E2B7BBA228F526D800B07440 /* APIError.swift */; };
		E2B7BBA528F52ADF00B07440 /* UsersScreenViewController.swift in Sources */ = {isa = PBXBuildFile; fileRef = E2B7BBA428F52ADF00B07440 /* UsersScreenViewController.swift */; };
		E2B7BBA828F5301300B07440 /* AlertView.swift in Sources */ = {isa = PBXBuildFile; fileRef = E2B7BBA728F5301300B07440 /* AlertView.swift */; };
		E2B7BBAA28F5327E00B07440 /* UIViewExt.swift in Sources */ = {isa = PBXBuildFile; fileRef = E2B7BBA928F5327E00B07440 /* UIViewExt.swift */; };
		E2B7BBAC28F5359E00B07440 /* NSObject.swift in Sources */ = {isa = PBXBuildFile; fileRef = E2B7BBAB28F5359E00B07440 /* NSObject.swift */; };
		E2B7BBAE28F53E9300B07440 /* UIColorExt.swift in Sources */ = {isa = PBXBuildFile; fileRef = E2B7BBAD28F53E9300B07440 /* UIColorExt.swift */; };
		E2B7BBB028F5466500B07440 /* NavigationView.swift in Sources */ = {isa = PBXBuildFile; fileRef = E2B7BBAF28F5466500B07440 /* NavigationView.swift */; };
		E2B7BBB228F5486700B07440 /* NavigationType.swift in Sources */ = {isa = PBXBuildFile; fileRef = E2B7BBB128F5486700B07440 /* NavigationType.swift */; };
		E2B7BBB428F5493D00B07440 /* BaseLabel.swift in Sources */ = {isa = PBXBuildFile; fileRef = E2B7BBB328F5493D00B07440 /* BaseLabel.swift */; };
		E2B7BBB628F5496A00B07440 /* LabelType.swift in Sources */ = {isa = PBXBuildFile; fileRef = E2B7BBB528F5496A00B07440 /* LabelType.swift */; };
		E2B7BBB828F54CC200B07440 /* UIImageExt.swift in Sources */ = {isa = PBXBuildFile; fileRef = E2B7BBB728F54CC200B07440 /* UIImageExt.swift */; };
		E2B7BBBA28F54DD700B07440 /* TypeAliases.swift in Sources */ = {isa = PBXBuildFile; fileRef = E2B7BBB928F54DD700B07440 /* TypeAliases.swift */; };
		E2B7BBBE28F552BD00B07440 /* Service.swift in Sources */ = {isa = PBXBuildFile; fileRef = E2B7BBBD28F552BD00B07440 /* Service.swift */; };
		E2B7BBC028F5535E00B07440 /* ServiceProvider.swift in Sources */ = {isa = PBXBuildFile; fileRef = E2B7BBBF28F5535E00B07440 /* ServiceProvider.swift */; };
		E2B7BBC228F5539900B07440 /* NetworkService.swift in Sources */ = {isa = PBXBuildFile; fileRef = E2B7BBC128F5539900B07440 /* NetworkService.swift */; };
		E2B7BBC428F5549D00B07440 /* NetworkManager.swift in Sources */ = {isa = PBXBuildFile; fileRef = E2B7BBC328F5549D00B07440 /* NetworkManager.swift */; };
		E2B7BBC728F554EF00B07440 /* User.swift in Sources */ = {isa = PBXBuildFile; fileRef = E2B7BBC628F554EF00B07440 /* User.swift */; };
		E2B7BBC928F55B9F00B07440 /* UsersScreenViewModel.swift in Sources */ = {isa = PBXBuildFile; fileRef = E2B7BBC828F55B9F00B07440 /* UsersScreenViewModel.swift */; };
		E2B7BBCC28F55BD800B07440 /* BaseViewModelProtocol.swift in Sources */ = {isa = PBXBuildFile; fileRef = E2B7BBCB28F55BD800B07440 /* BaseViewModelProtocol.swift */; };
		E2B7BBCE28F567A600B07440 /* UserTableViewCell.swift in Sources */ = {isa = PBXBuildFile; fileRef = E2B7BBCD28F567A600B07440 /* UserTableViewCell.swift */; };
/* End PBXBuildFile section */

/* Begin PBXFileReference section */
		E298859128F66860002D9A98 /* DSUserDefaultsProtocol.swift */ = {isa = PBXFileReference; lastKnownFileType = sourcecode.swift; path = DSUserDefaultsProtocol.swift; sourceTree = "<group>"; };
		E298859328F668C6002D9A98 /* DSGenerator.swift */ = {isa = PBXFileReference; lastKnownFileType = sourcecode.swift; path = DSGenerator.swift; sourceTree = "<group>"; };
		E298859528F668DD002D9A98 /* DSUserDefaults.swift */ = {isa = PBXFileReference; lastKnownFileType = sourcecode.swift; path = DSUserDefaults.swift; sourceTree = "<group>"; };
		E298859C28F66CB1002D9A98 /* AlbumsViewController.swift */ = {isa = PBXFileReference; lastKnownFileType = sourcecode.swift; path = AlbumsViewController.swift; sourceTree = "<group>"; };
		E298859E28F66F3A002D9A98 /* AlbumsViewModel.swift */ = {isa = PBXFileReference; lastKnownFileType = sourcecode.swift; path = AlbumsViewModel.swift; sourceTree = "<group>"; };
		E29885A028F66FD0002D9A98 /* BaseTableViewViewModelProtocol.swift */ = {isa = PBXFileReference; lastKnownFileType = sourcecode.swift; path = BaseTableViewViewModelProtocol.swift; sourceTree = "<group>"; };
		E29885A228F67834002D9A98 /* AlbumTableViewCell.swift */ = {isa = PBXFileReference; lastKnownFileType = sourcecode.swift; path = AlbumTableViewCell.swift; sourceTree = "<group>"; };
		E29885A428F67A6A002D9A98 /* AlbumTableViewCellViewModel.swift */ = {isa = PBXFileReference; lastKnownFileType = sourcecode.swift; path = AlbumTableViewCellViewModel.swift; sourceTree = "<group>"; };
		E29885A628F68393002D9A98 /* AlbumModel.swift */ = {isa = PBXFileReference; lastKnownFileType = sourcecode.swift; path = AlbumModel.swift; sourceTree = "<group>"; };
		E29885A828F68858002D9A98 /* PhotoModel.swift */ = {isa = PBXFileReference; lastKnownFileType = sourcecode.swift; path = PhotoModel.swift; sourceTree = "<group>"; };
		E29885AE28F69FFF002D9A98 /* PhotosViewController.swift */ = {isa = PBXFileReference; lastKnownFileType = sourcecode.swift; path = PhotosViewController.swift; sourceTree = "<group>"; };
		E29885B028F6A5DC002D9A98 /* PhotosViewModel.swift */ = {isa = PBXFileReference; lastKnownFileType = sourcecode.swift; path = PhotosViewModel.swift; sourceTree = "<group>"; };
		E29885B228F6A9EC002D9A98 /* PhotosCollectionViewCell.swift */ = {isa = PBXFileReference; lastKnownFileType = sourcecode.swift; path = PhotosCollectionViewCell.swift; sourceTree = "<group>"; };
		E29885B428F6B364002D9A98 /* PhotosCollectionViewCellViewModel.swift */ = {isa = PBXFileReference; lastKnownFileType = sourcecode.swift; path = PhotosCollectionViewCellViewModel.swift; sourceTree = "<group>"; };
		E29885B828F6BA7E002D9A98 /* SinglePhotoViewController.swift */ = {isa = PBXFileReference; lastKnownFileType = sourcecode.swift; path = SinglePhotoViewController.swift; sourceTree = "<group>"; };
		E29885BB28F6CB42002D9A98 /* SinglePhotoViewModel.swift */ = {isa = PBXFileReference; lastKnownFileType = sourcecode.swift; path = SinglePhotoViewModel.swift; sourceTree = "<group>"; };
		E2B7BB7528F51DE700B07440 /* JsonPlaceholder.app */ = {isa = PBXFileReference; explicitFileType = wrapper.application; includeInIndex = 0; path = JsonPlaceholder.app; sourceTree = BUILT_PRODUCTS_DIR; };
		E2B7BB7828F51DE700B07440 /* AppDelegate.swift */ = {isa = PBXFileReference; lastKnownFileType = sourcecode.swift; path = AppDelegate.swift; sourceTree = "<group>"; };
		E2B7BB8128F51DE900B07440 /* Assets.xcassets */ = {isa = PBXFileReference; lastKnownFileType = folder.assetcatalog; path = Assets.xcassets; sourceTree = "<group>"; };
		E2B7BB8428F51DE900B07440 /* Base */ = {isa = PBXFileReference; lastKnownFileType = file.storyboard; name = Base; path = Base.lproj/LaunchScreen.storyboard; sourceTree = "<group>"; };
		E2B7BB8628F51DE900B07440 /* Info.plist */ = {isa = PBXFileReference; lastKnownFileType = text.plist.xml; path = Info.plist; sourceTree = "<group>"; };
		E2B7BB9628F521CC00B07440 /* AppSession.swift */ = {isa = PBXFileReference; lastKnownFileType = sourcecode.swift; path = AppSession.swift; sourceTree = "<group>"; };
		E2B7BB9928F523A100B07440 /* BaseNavigationController.swift */ = {isa = PBXFileReference; lastKnownFileType = sourcecode.swift; path = BaseNavigationController.swift; sourceTree = "<group>"; };
		E2B7BB9B28F5253F00B07440 /* BaseViewController.swift */ = {isa = PBXFileReference; lastKnownFileType = sourcecode.swift; path = BaseViewController.swift; sourceTree = "<group>"; };
		E2B7BB9D28F5258F00B07440 /* UIViewControllerExt.swift */ = {isa = PBXFileReference; lastKnownFileType = sourcecode.swift; path = UIViewControllerExt.swift; sourceTree = "<group>"; };
		E2B7BBA028F5260300B07440 /* BaseViewControllerProtocol.swift */ = {isa = PBXFileReference; lastKnownFileType = sourcecode.swift; path = BaseViewControllerProtocol.swift; sourceTree = "<group>"; };
		E2B7BBA228F526D800B07440 /* APIError.swift */ = {isa = PBXFileReference; lastKnownFileType = sourcecode.swift; path = APIError.swift; sourceTree = "<group>"; };
		E2B7BBA428F52ADF00B07440 /* UsersScreenViewController.swift */ = {isa = PBXFileReference; lastKnownFileType = sourcecode.swift; path = UsersScreenViewController.swift; sourceTree = "<group>"; };
		E2B7BBA728F5301300B07440 /* AlertView.swift */ = {isa = PBXFileReference; lastKnownFileType = sourcecode.swift; path = AlertView.swift; sourceTree = "<group>"; };
		E2B7BBA928F5327E00B07440 /* UIViewExt.swift */ = {isa = PBXFileReference; lastKnownFileType = sourcecode.swift; path = UIViewExt.swift; sourceTree = "<group>"; };
		E2B7BBAB28F5359E00B07440 /* NSObject.swift */ = {isa = PBXFileReference; lastKnownFileType = sourcecode.swift; path = NSObject.swift; sourceTree = "<group>"; };
		E2B7BBAD28F53E9300B07440 /* UIColorExt.swift */ = {isa = PBXFileReference; lastKnownFileType = sourcecode.swift; path = UIColorExt.swift; sourceTree = "<group>"; };
		E2B7BBAF28F5466500B07440 /* NavigationView.swift */ = {isa = PBXFileReference; lastKnownFileType = sourcecode.swift; path = NavigationView.swift; sourceTree = "<group>"; };
		E2B7BBB128F5486700B07440 /* NavigationType.swift */ = {isa = PBXFileReference; lastKnownFileType = sourcecode.swift; path = NavigationType.swift; sourceTree = "<group>"; };
		E2B7BBB328F5493D00B07440 /* BaseLabel.swift */ = {isa = PBXFileReference; lastKnownFileType = sourcecode.swift; path = BaseLabel.swift; sourceTree = "<group>"; };
		E2B7BBB528F5496A00B07440 /* LabelType.swift */ = {isa = PBXFileReference; lastKnownFileType = sourcecode.swift; path = LabelType.swift; sourceTree = "<group>"; };
		E2B7BBB728F54CC200B07440 /* UIImageExt.swift */ = {isa = PBXFileReference; lastKnownFileType = sourcecode.swift; path = UIImageExt.swift; sourceTree = "<group>"; };
		E2B7BBB928F54DD700B07440 /* TypeAliases.swift */ = {isa = PBXFileReference; lastKnownFileType = sourcecode.swift; path = TypeAliases.swift; sourceTree = "<group>"; };
		E2B7BBBD28F552BD00B07440 /* Service.swift */ = {isa = PBXFileReference; lastKnownFileType = sourcecode.swift; path = Service.swift; sourceTree = "<group>"; };
		E2B7BBBF28F5535E00B07440 /* ServiceProvider.swift */ = {isa = PBXFileReference; lastKnownFileType = sourcecode.swift; path = ServiceProvider.swift; sourceTree = "<group>"; };
		E2B7BBC128F5539900B07440 /* NetworkService.swift */ = {isa = PBXFileReference; lastKnownFileType = sourcecode.swift; path = NetworkService.swift; sourceTree = "<group>"; };
		E2B7BBC328F5549D00B07440 /* NetworkManager.swift */ = {isa = PBXFileReference; lastKnownFileType = sourcecode.swift; path = NetworkManager.swift; sourceTree = "<group>"; };
		E2B7BBC628F554EF00B07440 /* User.swift */ = {isa = PBXFileReference; lastKnownFileType = sourcecode.swift; path = User.swift; sourceTree = "<group>"; };
		E2B7BBC828F55B9F00B07440 /* UsersScreenViewModel.swift */ = {isa = PBXFileReference; lastKnownFileType = sourcecode.swift; path = UsersScreenViewModel.swift; sourceTree = "<group>"; };
		E2B7BBCB28F55BD800B07440 /* BaseViewModelProtocol.swift */ = {isa = PBXFileReference; lastKnownFileType = sourcecode.swift; path = BaseViewModelProtocol.swift; sourceTree = "<group>"; };
		E2B7BBCD28F567A600B07440 /* UserTableViewCell.swift */ = {isa = PBXFileReference; lastKnownFileType = sourcecode.swift; path = UserTableViewCell.swift; sourceTree = "<group>"; };
/* End PBXFileReference section */

/* Begin PBXFrameworksBuildPhase section */
		E2B7BB7228F51DE700B07440 /* Frameworks */ = {
			isa = PBXFrameworksBuildPhase;
			buildActionMask = 2147483647;
			files = (
			);
			runOnlyForDeploymentPostprocessing = 0;
		};
/* End PBXFrameworksBuildPhase section */

/* Begin PBXGroup section */
		E298859028F66820002D9A98 /* Data Store Service */ = {
			isa = PBXGroup;
			children = (
				E298859728F669AA002D9A98 /* UserDefaults */,
				E298859328F668C6002D9A98 /* DSGenerator.swift */,
			);
			path = "Data Store Service";
			sourceTree = "<group>";
		};
		E298859728F669AA002D9A98 /* UserDefaults */ = {
			isa = PBXGroup;
			children = (
				E298859528F668DD002D9A98 /* DSUserDefaults.swift */,
				E298859128F66860002D9A98 /* DSUserDefaultsProtocol.swift */,
			);
			path = UserDefaults;
			sourceTree = "<group>";
		};
		E298859828F66C8D002D9A98 /* Albums Screen */ = {
			isa = PBXGroup;
			children = (
				E298859B28F66CA5002D9A98 /* Cell */,
				E298859A28F66C9E002D9A98 /* ViewModel */,
				E298859928F66C98002D9A98 /* ViewController */,
			);
			path = "Albums Screen";
			sourceTree = "<group>";
		};
		E298859928F66C98002D9A98 /* ViewController */ = {
			isa = PBXGroup;
			children = (
				E298859C28F66CB1002D9A98 /* AlbumsViewController.swift */,
			);
			path = ViewController;
			sourceTree = "<group>";
		};
		E298859A28F66C9E002D9A98 /* ViewModel */ = {
			isa = PBXGroup;
			children = (
				E298859E28F66F3A002D9A98 /* AlbumsViewModel.swift */,
			);
			path = ViewModel;
			sourceTree = "<group>";
		};
		E298859B28F66CA5002D9A98 /* Cell */ = {
			isa = PBXGroup;
			children = (
				E29885A228F67834002D9A98 /* AlbumTableViewCell.swift */,
				E29885A428F67A6A002D9A98 /* AlbumTableViewCellViewModel.swift */,
			);
			path = Cell;
			sourceTree = "<group>";
		};
		E29885AA28F69FD8002D9A98 /* Photos Screen */ = {
			isa = PBXGroup;
			children = (
				E29885AD28F69FF3002D9A98 /* Cell */,
				E29885AC28F69FED002D9A98 /* ViewModel */,
				E29885AB28F69FE6002D9A98 /* ViewController */,
			);
			path = "Photos Screen";
			sourceTree = "<group>";
		};
		E29885AB28F69FE6002D9A98 /* ViewController */ = {
			isa = PBXGroup;
			children = (
				E29885AE28F69FFF002D9A98 /* PhotosViewController.swift */,
			);
			path = ViewController;
			sourceTree = "<group>";
		};
		E29885AC28F69FED002D9A98 /* ViewModel */ = {
			isa = PBXGroup;
			children = (
				E29885B028F6A5DC002D9A98 /* PhotosViewModel.swift */,
			);
			path = ViewModel;
			sourceTree = "<group>";
		};
		E29885AD28F69FF3002D9A98 /* Cell */ = {
			isa = PBXGroup;
			children = (
				E29885B228F6A9EC002D9A98 /* PhotosCollectionViewCell.swift */,
				E29885B428F6B364002D9A98 /* PhotosCollectionViewCellViewModel.swift */,
			);
			path = Cell;
			sourceTree = "<group>";
		};
		E29885B628F6BA60002D9A98 /* Single Photo Screen */ = {
			isa = PBXGroup;
			children = (
				E29885BA28F6CB32002D9A98 /* ViewModel */,
				E29885B728F6BA72002D9A98 /* ViewController */,
			);
			path = "Single Photo Screen";
			sourceTree = "<group>";
		};
		E29885B728F6BA72002D9A98 /* ViewController */ = {
			isa = PBXGroup;
			children = (
				E29885B828F6BA7E002D9A98 /* SinglePhotoViewController.swift */,
			);
			path = ViewController;
			sourceTree = "<group>";
		};
		E29885BA28F6CB32002D9A98 /* ViewModel */ = {
			isa = PBXGroup;
			children = (
				E29885BB28F6CB42002D9A98 /* SinglePhotoViewModel.swift */,
			);
			path = ViewModel;
			sourceTree = "<group>";
		};
		E2B7BB6C28F51DE700B07440 = {
			isa = PBXGroup;
			children = (
				E2B7BB7728F51DE700B07440 /* JsonPlaceholder */,
				E2B7BB7628F51DE700B07440 /* Products */,
			);
			sourceTree = "<group>";
		};
		E2B7BB7628F51DE700B07440 /* Products */ = {
			isa = PBXGroup;
			children = (
				E2B7BB7528F51DE700B07440 /* JsonPlaceholder.app */,
			);
			name = Products;
			sourceTree = "<group>";
		};
		E2B7BB7728F51DE700B07440 /* JsonPlaceholder */ = {
			isa = PBXGroup;
			children = (
				E2B7BB8628F51DE900B07440 /* Info.plist */,
				E2B7BB9428F5215900B07440 /* Modules */,
				E2B7BB8E28F520FF00B07440 /* Services */,
				E2B7BB9528F521B500B07440 /* AppDelegate */,
				E2B7BB8C28F520CA00B07440 /* Resources */,
				E2B7BB9328F5214A00B07440 /* CustomViews */,
				E2B7BB9228F5213900B07440 /* Enums */,
				E2B7BB9128F5212C00B07440 /* Library */,
				E2B7BB9028F5211900B07440 /* Extensions */,
				E2B7BB8D28F520E200B07440 /* Unused */,
			);
			path = JsonPlaceholder;
			sourceTree = "<group>";
		};
		E2B7BB8C28F520CA00B07440 /* Resources */ = {
			isa = PBXGroup;
			children = (
				E2B7BB8128F51DE900B07440 /* Assets.xcassets */,
			);
			path = Resources;
			sourceTree = "<group>";
		};
		E2B7BB8D28F520E200B07440 /* Unused */ = {
			isa = PBXGroup;
			children = (
				E2B7BB8328F51DE900B07440 /* LaunchScreen.storyboard */,
			);
			path = Unused;
			sourceTree = "<group>";
		};
		E2B7BB8E28F520FF00B07440 /* Services */ = {
			isa = PBXGroup;
			children = (
				E298859028F66820002D9A98 /* Data Store Service */,
				E2B7BB8F28F5210A00B07440 /* Network Service */,
			);
			path = Services;
			sourceTree = "<group>";
		};
		E2B7BB8F28F5210A00B07440 /* Network Service */ = {
			isa = PBXGroup;
			children = (
				E2B7BBC528F554E500B07440 /* Models */,
				E2B7BBBC28F5528800B07440 /* Base */,
				E2B7BBC128F5539900B07440 /* NetworkService.swift */,
				E2B7BBC328F5549D00B07440 /* NetworkManager.swift */,
			);
			path = "Network Service";
			sourceTree = "<group>";
		};
		E2B7BB9028F5211900B07440 /* Extensions */ = {
			isa = PBXGroup;
			children = (
				E2B7BB9D28F5258F00B07440 /* UIViewControllerExt.swift */,
				E2B7BBA928F5327E00B07440 /* UIViewExt.swift */,
				E2B7BBAB28F5359E00B07440 /* NSObject.swift */,
				E2B7BBAD28F53E9300B07440 /* UIColorExt.swift */,
				E2B7BBB728F54CC200B07440 /* UIImageExt.swift */,
			);
			path = Extensions;
			sourceTree = "<group>";
		};
		E2B7BB9128F5212C00B07440 /* Library */ = {
			isa = PBXGroup;
			children = (
				E2B7BBB928F54DD700B07440 /* TypeAliases.swift */,
			);
			path = Library;
			sourceTree = "<group>";
		};
		E2B7BB9228F5213900B07440 /* Enums */ = {
			isa = PBXGroup;
			children = (
				E2B7BBA228F526D800B07440 /* APIError.swift */,
				E2B7BBB128F5486700B07440 /* NavigationType.swift */,
				E2B7BBB528F5496A00B07440 /* LabelType.swift */,
			);
			path = Enums;
			sourceTree = "<group>";
		};
		E2B7BB9328F5214A00B07440 /* CustomViews */ = {
			isa = PBXGroup;
			children = (
				E2B7BBA628F5300200B07440 /* AlertView */,
			);
			path = CustomViews;
			sourceTree = "<group>";
		};
		E2B7BB9428F5215900B07440 /* Modules */ = {
			isa = PBXGroup;
			children = (
				E29885B628F6BA60002D9A98 /* Single Photo Screen */,
				E29885AA28F69FD8002D9A98 /* Photos Screen */,
				E298859828F66C8D002D9A98 /* Albums Screen */,
				E2B7BBBB28F5515900B07440 /* Users Screen */,
				E2B7BB9828F5239400B07440 /* Base */,
			);
			path = Modules;
			sourceTree = "<group>";
		};
		E2B7BB9528F521B500B07440 /* AppDelegate */ = {
			isa = PBXGroup;
			children = (
				E2B7BB7828F51DE700B07440 /* AppDelegate.swift */,
				E2B7BB9628F521CC00B07440 /* AppSession.swift */,
			);
			path = AppDelegate;
			sourceTree = "<group>";
		};
		E2B7BB9828F5239400B07440 /* Base */ = {
			isa = PBXGroup;
			children = (
				E2B7BBCA28F55BC800B07440 /* BaseMVProtocols */,
				E2B7BB9F28F525E800B07440 /* BaseVCProtocol */,
				E2B7BB9928F523A100B07440 /* BaseNavigationController.swift */,
				E2B7BB9B28F5253F00B07440 /* BaseViewController.swift */,
			);
			path = Base;
			sourceTree = "<group>";
		};
		E2B7BB9F28F525E800B07440 /* BaseVCProtocol */ = {
			isa = PBXGroup;
			children = (
				E2B7BBA028F5260300B07440 /* BaseViewControllerProtocol.swift */,
			);
			path = BaseVCProtocol;
			sourceTree = "<group>";
		};
		E2B7BBA628F5300200B07440 /* AlertView */ = {
			isa = PBXGroup;
			children = (
				E2B7BBA728F5301300B07440 /* AlertView.swift */,
				E2B7BBAF28F5466500B07440 /* NavigationView.swift */,
				E2B7BBB328F5493D00B07440 /* BaseLabel.swift */,
			);
			path = AlertView;
			sourceTree = "<group>";
		};
		E2B7BBBB28F5515900B07440 /* Users Screen */ = {
			isa = PBXGroup;
			children = (
				E2B7BBD128F58B0200B07440 /* ViewController */,
				E2B7BBD028F58AF100B07440 /* ViewModel */,
				E2B7BBCF28F58AEA00B07440 /* Cell */,
			);
			path = "Users Screen";
			sourceTree = "<group>";
		};
		E2B7BBBC28F5528800B07440 /* Base */ = {
			isa = PBXGroup;
			children = (
				E2B7BBBD28F552BD00B07440 /* Service.swift */,
				E2B7BBBF28F5535E00B07440 /* ServiceProvider.swift */,
			);
			path = Base;
			sourceTree = "<group>";
		};
		E2B7BBC528F554E500B07440 /* Models */ = {
			isa = PBXGroup;
			children = (
				E2B7BBC628F554EF00B07440 /* User.swift */,
				E29885A628F68393002D9A98 /* AlbumModel.swift */,
				E29885A828F68858002D9A98 /* PhotoModel.swift */,
			);
			path = Models;
			sourceTree = "<group>";
		};
		E2B7BBCA28F55BC800B07440 /* BaseMVProtocols */ = {
			isa = PBXGroup;
			children = (
				E2B7BBCB28F55BD800B07440 /* BaseViewModelProtocol.swift */,
				E29885A028F66FD0002D9A98 /* BaseTableViewViewModelProtocol.swift */,
			);
			path = BaseMVProtocols;
			sourceTree = "<group>";
		};
		E2B7BBCF28F58AEA00B07440 /* Cell */ = {
			isa = PBXGroup;
			children = (
				E2B7BBCD28F567A600B07440 /* UserTableViewCell.swift */,
			);
			path = Cell;
			sourceTree = "<group>";
		};
		E2B7BBD028F58AF100B07440 /* ViewModel */ = {
			isa = PBXGroup;
			children = (
				E2B7BBC828F55B9F00B07440 /* UsersScreenViewModel.swift */,
			);
			path = ViewModel;
			sourceTree = "<group>";
		};
		E2B7BBD128F58B0200B07440 /* ViewController */ = {
			isa = PBXGroup;
			children = (
				E2B7BBA428F52ADF00B07440 /* UsersScreenViewController.swift */,
			);
			path = ViewController;
			sourceTree = "<group>";
		};
/* End PBXGroup section */

/* Begin PBXNativeTarget section */
		E2B7BB7428F51DE700B07440 /* JsonPlaceholder */ = {
			isa = PBXNativeTarget;
			buildConfigurationList = E2B7BB8928F51DE900B07440 /* Build configuration list for PBXNativeTarget "JsonPlaceholder" */;
			buildPhases = (
				E2B7BB7128F51DE700B07440 /* Sources */,
				E2B7BB7228F51DE700B07440 /* Frameworks */,
				E2B7BB7328F51DE700B07440 /* Resources */,
			);
			buildRules = (
			);
			dependencies = (
			);
			name = JsonPlaceholder;
			productName = JsonPlaceholder;
			productReference = E2B7BB7528F51DE700B07440 /* JsonPlaceholder.app */;
			productType = "com.apple.product-type.application";
		};
/* End PBXNativeTarget section */

/* Begin PBXProject section */
		E2B7BB6D28F51DE700B07440 /* Project object */ = {
			isa = PBXProject;
			attributes = {
				BuildIndependentTargetsInParallel = 1;
				LastSwiftUpdateCheck = 1340;
				LastUpgradeCheck = 1340;
				TargetAttributes = {
					E2B7BB7428F51DE700B07440 = {
						CreatedOnToolsVersion = 13.4.1;
					};
				};
			};
			buildConfigurationList = E2B7BB7028F51DE700B07440 /* Build configuration list for PBXProject "JsonPlaceholder" */;
			compatibilityVersion = "Xcode 13.0";
			developmentRegion = en;
			hasScannedForEncodings = 0;
			knownRegions = (
				en,
				Base,
			);
			mainGroup = E2B7BB6C28F51DE700B07440;
			productRefGroup = E2B7BB7628F51DE700B07440 /* Products */;
			projectDirPath = "";
			projectRoot = "";
			targets = (
				E2B7BB7428F51DE700B07440 /* JsonPlaceholder */,
			);
		};
/* End PBXProject section */

/* Begin PBXResourcesBuildPhase section */
		E2B7BB7328F51DE700B07440 /* Resources */ = {
			isa = PBXResourcesBuildPhase;
			buildActionMask = 2147483647;
			files = (
				E2B7BB8528F51DE900B07440 /* LaunchScreen.storyboard in Resources */,
				E2B7BB8228F51DE900B07440 /* Assets.xcassets in Resources */,
			);
			runOnlyForDeploymentPostprocessing = 0;
		};
/* End PBXResourcesBuildPhase section */

/* Begin PBXSourcesBuildPhase section */
		E2B7BB7128F51DE700B07440 /* Sources */ = {
			isa = PBXSourcesBuildPhase;
			buildActionMask = 2147483647;
			files = (
				E2B7BB9E28F5258F00B07440 /* UIViewControllerExt.swift in Sources */,
				E2B7BBAE28F53E9300B07440 /* UIColorExt.swift in Sources */,
				E29885B528F6B364002D9A98 /* PhotosCollectionViewCellViewModel.swift in Sources */,
				E2B7BBAC28F5359E00B07440 /* NSObject.swift in Sources */,
				E2B7BB9728F521CC00B07440 /* AppSession.swift in Sources */,
				E2B7BBCE28F567A600B07440 /* UserTableViewCell.swift in Sources */,
				E2B7BBC428F5549D00B07440 /* NetworkManager.swift in Sources */,
				E2B7BBB428F5493D00B07440 /* BaseLabel.swift in Sources */,
				E2B7BBAA28F5327E00B07440 /* UIViewExt.swift in Sources */,
				E2B7BBA828F5301300B07440 /* AlertView.swift in Sources */,
				E2B7BB9C28F5253F00B07440 /* BaseViewController.swift in Sources */,
				E29885BC28F6CB42002D9A98 /* SinglePhotoViewModel.swift in Sources */,
				E29885A528F67A6A002D9A98 /* AlbumTableViewCellViewModel.swift in Sources */,
				E298859428F668C6002D9A98 /* DSGenerator.swift in Sources */,
				E29885A128F66FD0002D9A98 /* BaseTableViewViewModelProtocol.swift in Sources */,
				E2B7BBA528F52ADF00B07440 /* UsersScreenViewController.swift in Sources */,
				E29885B928F6BA7E002D9A98 /* SinglePhotoViewController.swift in Sources */,
				E2B7BB7928F51DE700B07440 /* AppDelegate.swift in Sources */,
				E29885A328F67834002D9A98 /* AlbumTableViewCell.swift in Sources */,
				E2B7BBBE28F552BD00B07440 /* Service.swift in Sources */,
				E29885B328F6A9EC002D9A98 /* PhotosCollectionViewCell.swift in Sources */,
				E298859D28F66CB1002D9A98 /* AlbumsViewController.swift in Sources */,
				E29885A928F68858002D9A98 /* PhotoModel.swift in Sources */,
				E2B7BBB028F5466500B07440 /* NavigationView.swift in Sources */,
				E2B7BBA128F5260300B07440 /* BaseViewControllerProtocol.swift in Sources */,
				E2B7BBC228F5539900B07440 /* NetworkService.swift in Sources */,
				E29885A728F68393002D9A98 /* AlbumModel.swift in Sources */,
				E2B7BBBA28F54DD700B07440 /* TypeAliases.swift in Sources */,
				E298859F28F66F3A002D9A98 /* AlbumsViewModel.swift in Sources */,
				E2B7BBB628F5496A00B07440 /* LabelType.swift in Sources */,
				E298859228F66860002D9A98 /* DSUserDefaultsProtocol.swift in Sources */,
				E2B7BBB828F54CC200B07440 /* UIImageExt.swift in Sources */,
				E298859628F668DD002D9A98 /* DSUserDefaults.swift in Sources */,
				E2B7BBC028F5535E00B07440 /* ServiceProvider.swift in Sources */,
				E2B7BBC928F55B9F00B07440 /* UsersScreenViewModel.swift in Sources */,
				E2B7BBCC28F55BD800B07440 /* BaseViewModelProtocol.swift in Sources */,
				E2B7BBB228F5486700B07440 /* NavigationType.swift in Sources */,
				E2B7BB9A28F523A100B07440 /* BaseNavigationController.swift in Sources */,
				E2B7BBA328F526D800B07440 /* APIError.swift in Sources */,
				E29885B128F6A5DC002D9A98 /* PhotosViewModel.swift in Sources */,
				E29885AF28F69FFF002D9A98 /* PhotosViewController.swift in Sources */,
				E2B7BBC728F554EF00B07440 /* User.swift in Sources */,
			);
			runOnlyForDeploymentPostprocessing = 0;
		};
/* End PBXSourcesBuildPhase section */

/* Begin PBXVariantGroup section */
		E2B7BB8328F51DE900B07440 /* LaunchScreen.storyboard */ = {
			isa = PBXVariantGroup;
			children = (
				E2B7BB8428F51DE900B07440 /* Base */,
			);
			name = LaunchScreen.storyboard;
			sourceTree = "<group>";
		};
/* End PBXVariantGroup section */

/* Begin XCBuildConfiguration section */
		E2B7BB8728F51DE900B07440 /* Debug */ = {
			isa = XCBuildConfiguration;
			buildSettings = {
				ALWAYS_SEARCH_USER_PATHS = NO;
				CLANG_ANALYZER_NONNULL = YES;
				CLANG_ANALYZER_NUMBER_OBJECT_CONVERSION = YES_AGGRESSIVE;
				CLANG_CXX_LANGUAGE_STANDARD = "gnu++17";
				CLANG_ENABLE_MODULES = YES;
				CLANG_ENABLE_OBJC_ARC = YES;
				CLANG_ENABLE_OBJC_WEAK = YES;
				CLANG_WARN_BLOCK_CAPTURE_AUTORELEASING = YES;
				CLANG_WARN_BOOL_CONVERSION = YES;
				CLANG_WARN_COMMA = YES;
				CLANG_WARN_CONSTANT_CONVERSION = YES;
				CLANG_WARN_DEPRECATED_OBJC_IMPLEMENTATIONS = YES;
				CLANG_WARN_DIRECT_OBJC_ISA_USAGE = YES_ERROR;
				CLANG_WARN_DOCUMENTATION_COMMENTS = YES;
				CLANG_WARN_EMPTY_BODY = YES;
				CLANG_WARN_ENUM_CONVERSION = YES;
				CLANG_WARN_INFINITE_RECURSION = YES;
				CLANG_WARN_INT_CONVERSION = YES;
				CLANG_WARN_NON_LITERAL_NULL_CONVERSION = YES;
				CLANG_WARN_OBJC_IMPLICIT_RETAIN_SELF = YES;
				CLANG_WARN_OBJC_LITERAL_CONVERSION = YES;
				CLANG_WARN_OBJC_ROOT_CLASS = YES_ERROR;
				CLANG_WARN_QUOTED_INCLUDE_IN_FRAMEWORK_HEADER = YES;
				CLANG_WARN_RANGE_LOOP_ANALYSIS = YES;
				CLANG_WARN_STRICT_PROTOTYPES = YES;
				CLANG_WARN_SUSPICIOUS_MOVE = YES;
				CLANG_WARN_UNGUARDED_AVAILABILITY = YES_AGGRESSIVE;
				CLANG_WARN_UNREACHABLE_CODE = YES;
				CLANG_WARN__DUPLICATE_METHOD_MATCH = YES;
				COPY_PHASE_STRIP = NO;
				DEBUG_INFORMATION_FORMAT = dwarf;
				ENABLE_STRICT_OBJC_MSGSEND = YES;
				ENABLE_TESTABILITY = YES;
				GCC_C_LANGUAGE_STANDARD = gnu11;
				GCC_DYNAMIC_NO_PIC = NO;
				GCC_NO_COMMON_BLOCKS = YES;
				GCC_OPTIMIZATION_LEVEL = 0;
				GCC_PREPROCESSOR_DEFINITIONS = (
					"DEBUG=1",
					"$(inherited)",
				);
				GCC_WARN_64_TO_32_BIT_CONVERSION = YES;
				GCC_WARN_ABOUT_RETURN_TYPE = YES_ERROR;
				GCC_WARN_UNDECLARED_SELECTOR = YES;
				GCC_WARN_UNINITIALIZED_AUTOS = YES_AGGRESSIVE;
				GCC_WARN_UNUSED_FUNCTION = YES;
				GCC_WARN_UNUSED_VARIABLE = YES;
				IPHONEOS_DEPLOYMENT_TARGET = 13.0;
				MTL_ENABLE_DEBUG_INFO = INCLUDE_SOURCE;
				MTL_FAST_MATH = YES;
				ONLY_ACTIVE_ARCH = YES;
				SDKROOT = iphoneos;
				SWIFT_ACTIVE_COMPILATION_CONDITIONS = DEBUG;
				SWIFT_OPTIMIZATION_LEVEL = "-Onone";
			};
			name = Debug;
		};
		E2B7BB8828F51DE900B07440 /* Release */ = {
			isa = XCBuildConfiguration;
			buildSettings = {
				ALWAYS_SEARCH_USER_PATHS = NO;
				CLANG_ANALYZER_NONNULL = YES;
				CLANG_ANALYZER_NUMBER_OBJECT_CONVERSION = YES_AGGRESSIVE;
				CLANG_CXX_LANGUAGE_STANDARD = "gnu++17";
				CLANG_ENABLE_MODULES = YES;
				CLANG_ENABLE_OBJC_ARC = YES;
				CLANG_ENABLE_OBJC_WEAK = YES;
				CLANG_WARN_BLOCK_CAPTURE_AUTORELEASING = YES;
				CLANG_WARN_BOOL_CONVERSION = YES;
				CLANG_WARN_COMMA = YES;
				CLANG_WARN_CONSTANT_CONVERSION = YES;
				CLANG_WARN_DEPRECATED_OBJC_IMPLEMENTATIONS = YES;
				CLANG_WARN_DIRECT_OBJC_ISA_USAGE = YES_ERROR;
				CLANG_WARN_DOCUMENTATION_COMMENTS = YES;
				CLANG_WARN_EMPTY_BODY = YES;
				CLANG_WARN_ENUM_CONVERSION = YES;
				CLANG_WARN_INFINITE_RECURSION = YES;
				CLANG_WARN_INT_CONVERSION = YES;
				CLANG_WARN_NON_LITERAL_NULL_CONVERSION = YES;
				CLANG_WARN_OBJC_IMPLICIT_RETAIN_SELF = YES;
				CLANG_WARN_OBJC_LITERAL_CONVERSION = YES;
				CLANG_WARN_OBJC_ROOT_CLASS = YES_ERROR;
				CLANG_WARN_QUOTED_INCLUDE_IN_FRAMEWORK_HEADER = YES;
				CLANG_WARN_RANGE_LOOP_ANALYSIS = YES;
				CLANG_WARN_STRICT_PROTOTYPES = YES;
				CLANG_WARN_SUSPICIOUS_MOVE = YES;
				CLANG_WARN_UNGUARDED_AVAILABILITY = YES_AGGRESSIVE;
				CLANG_WARN_UNREACHABLE_CODE = YES;
				CLANG_WARN__DUPLICATE_METHOD_MATCH = YES;
				COPY_PHASE_STRIP = NO;
				DEBUG_INFORMATION_FORMAT = "dwarf-with-dsym";
				ENABLE_NS_ASSERTIONS = NO;
				ENABLE_STRICT_OBJC_MSGSEND = YES;
				GCC_C_LANGUAGE_STANDARD = gnu11;
				GCC_NO_COMMON_BLOCKS = YES;
				GCC_WARN_64_TO_32_BIT_CONVERSION = YES;
				GCC_WARN_ABOUT_RETURN_TYPE = YES_ERROR;
				GCC_WARN_UNDECLARED_SELECTOR = YES;
				GCC_WARN_UNINITIALIZED_AUTOS = YES_AGGRESSIVE;
				GCC_WARN_UNUSED_FUNCTION = YES;
				GCC_WARN_UNUSED_VARIABLE = YES;
				IPHONEOS_DEPLOYMENT_TARGET = 13.0;
				MTL_ENABLE_DEBUG_INFO = NO;
				MTL_FAST_MATH = YES;
				SDKROOT = iphoneos;
				SWIFT_COMPILATION_MODE = wholemodule;
				SWIFT_OPTIMIZATION_LEVEL = "-O";
				VALIDATE_PRODUCT = YES;
			};
			name = Release;
		};
		E2B7BB8A28F51DE900B07440 /* Debug */ = {
			isa = XCBuildConfiguration;
			buildSettings = {
				ASSETCATALOG_COMPILER_APPICON_NAME = AppIcon;
				ASSETCATALOG_COMPILER_GLOBAL_ACCENT_COLOR_NAME = AccentColor;
				CODE_SIGN_STYLE = Automatic;
				CURRENT_PROJECT_VERSION = 1;
				DEVELOPMENT_TEAM = M8QNZ7N62J;
				GENERATE_INFOPLIST_FILE = YES;
				INFOPLIST_FILE = JsonPlaceholder/Info.plist;
				INFOPLIST_KEY_UIApplicationSupportsIndirectInputEvents = YES;
				INFOPLIST_KEY_UILaunchStoryboardName = LaunchScreen;
				INFOPLIST_KEY_UISupportedInterfaceOrientations = UIInterfaceOrientationPortrait;
				INFOPLIST_KEY_UISupportedInterfaceOrientations_iPad = "UIInterfaceOrientationPortrait UIInterfaceOrientationPortraitUpsideDown UIInterfaceOrientationLandscapeLeft UIInterfaceOrientationLandscapeRight";
				INFOPLIST_KEY_UISupportedInterfaceOrientations_iPhone = "UIInterfaceOrientationPortrait UIInterfaceOrientationLandscapeLeft UIInterfaceOrientationLandscapeRight";
				IPHONEOS_DEPLOYMENT_TARGET = 13.0;
				LD_RUNPATH_SEARCH_PATHS = (
					"$(inherited)",
					"@executable_path/Frameworks",
				);
				MARKETING_VERSION = 1.0;
				PRODUCT_BUNDLE_IDENTIFIER = Tami.JsonPlaceholder;
				PRODUCT_NAME = "$(TARGET_NAME)";
				SWIFT_EMIT_LOC_STRINGS = YES;
				SWIFT_VERSION = 5.0;
				TARGETED_DEVICE_FAMILY = 1;
			};
			name = Debug;
		};
		E2B7BB8B28F51DE900B07440 /* Release */ = {
			isa = XCBuildConfiguration;
			buildSettings = {
				ASSETCATALOG_COMPILER_APPICON_NAME = AppIcon;
				ASSETCATALOG_COMPILER_GLOBAL_ACCENT_COLOR_NAME = AccentColor;
				CODE_SIGN_STYLE = Automatic;
				CURRENT_PROJECT_VERSION = 1;
				DEVELOPMENT_TEAM = M8QNZ7N62J;
				GENERATE_INFOPLIST_FILE = YES;
				INFOPLIST_FILE = JsonPlaceholder/Info.plist;
				INFOPLIST_KEY_UIApplicationSupportsIndirectInputEvents = YES;
				INFOPLIST_KEY_UILaunchStoryboardName = LaunchScreen;
				INFOPLIST_KEY_UISupportedInterfaceOrientations = UIInterfaceOrientationPortrait;
				INFOPLIST_KEY_UISupportedInterfaceOrientations_iPad = "UIInterfaceOrientationPortrait UIInterfaceOrientationPortraitUpsideDown UIInterfaceOrientationLandscapeLeft UIInterfaceOrientationLandscapeRight";
				INFOPLIST_KEY_UISupportedInterfaceOrientations_iPhone = "UIInterfaceOrientationPortrait UIInterfaceOrientationLandscapeLeft UIInterfaceOrientationLandscapeRight";
				IPHONEOS_DEPLOYMENT_TARGET = 13.0;
				LD_RUNPATH_SEARCH_PATHS = (
					"$(inherited)",
					"@executable_path/Frameworks",
				);
				MARKETING_VERSION = 1.0;
				PRODUCT_BUNDLE_IDENTIFIER = Tami.JsonPlaceholder;
				PRODUCT_NAME = "$(TARGET_NAME)";
				SWIFT_EMIT_LOC_STRINGS = YES;
				SWIFT_VERSION = 5.0;
				TARGETED_DEVICE_FAMILY = 1;
			};
			name = Release;
		};
/* End XCBuildConfiguration section */

/* Begin XCConfigurationList section */
		E2B7BB7028F51DE700B07440 /* Build configuration list for PBXProject "JsonPlaceholder" */ = {
			isa = XCConfigurationList;
			buildConfigurations = (
				E2B7BB8728F51DE900B07440 /* Debug */,
				E2B7BB8828F51DE900B07440 /* Release */,
			);
			defaultConfigurationIsVisible = 0;
			defaultConfigurationName = Release;
		};
		E2B7BB8928F51DE900B07440 /* Build configuration list for PBXNativeTarget "JsonPlaceholder" */ = {
			isa = XCConfigurationList;
			buildConfigurations = (
				E2B7BB8A28F51DE900B07440 /* Debug */,
				E2B7BB8B28F51DE900B07440 /* Release */,
			);
			defaultConfigurationIsVisible = 0;
			defaultConfigurationName = Release;
		};
/* End XCConfigurationList section */
	};
	rootObject = E2B7BB6D28F51DE700B07440 /* Project object */;
}
